
Microsoft Visual Studio Solution File, Format Version 12.00
# Visual Studio Version 17
VisualStudioVersion = 17.4.33213.308
MinimumVisualStudioVersion = 10.0.40219.1
Project("{9A19103F-16F7-4668-BE54-9A1E7A4F7556}") = "Harjoitus1", "TekstiVaihto\Harjoitus1.csproj", "{CEB6221A-D2DC-4905-B8D0-9ABC410828FC}"
EndProject
Project("{FAE04EC0-301F-11D3-BF4B-00C04F79EFBC}") = "Harjoitus2", "Harjoitus2\Harjoitus2.csproj", "{92ABBF36-90A5-4DB6-BA9D-78E3C4FA5446}"
EndProject
Project("{FAE04EC0-301F-11D3-BF4B-00C04F79EFBC}") = "Harjoitus3", "Harjoitus3\Harjoitus3.csproj", "{2B6C4E19-9978-45A2-BA47-1C7895D21BA7}"
EndProject
Project("{FAE04EC0-301F-11D3-BF4B-00C04F79EFBC}") = "Harjoitus4", "Harjoitus4\Harjoitus4.csproj", "{AA7BF58D-BA13-41BC-BA05-FF8DA4CC5270}"
EndProject
Global
	GlobalSection(SolutionConfigurationPlatforms) = preSolution
		Debug|Any CPU = Debug|Any CPU
		Release|Any CPU = Release|Any CPU
	EndGlobalSection
	GlobalSection(ProjectConfigurationPlatforms) = postSolution
		{CEB6221A-D2DC-4905-B8D0-9ABC410828FC}.Debug|Any CPU.ActiveCfg = Debug|Any CPU
		{CEB6221A-D2DC-4905-B8D0-9ABC410828FC}.Debug|Any CPU.Build.0 = Debug|Any CPU
		{CEB6221A-D2DC-4905-B8D0-9ABC410828FC}.Release|Any CPU.ActiveCfg = Release|Any CPU
		{CEB6221A-D2DC-4905-B8D0-9ABC410828FC}.Release|Any CPU.Build.0 = Release|Any CPU
		{92ABBF36-90A5-4DB6-BA9D-78E3C4FA5446}.Debug|Any CPU.ActiveCfg = Debug|Any CPU
		{92ABBF36-90A5-4DB6-BA9D-78E3C4FA5446}.Debug|Any CPU.Build.0 = Debug|Any CPU
		{92ABBF36-90A5-4DB6-BA9D-78E3C4FA5446}.Release|Any CPU.ActiveCfg = Release|Any CPU
		{92ABBF36-90A5-4DB6-BA9D-78E3C4FA5446}.Release|Any CPU.Build.0 = Release|Any CPU
		{2B6C4E19-9978-45A2-BA47-1C7895D21BA7}.Debug|Any CPU.ActiveCfg = Debug|Any CPU
		{2B6C4E19-9978-45A2-BA47-1C7895D21BA7}.Debug|Any CPU.Build.0 = Debug|Any CPU
		{2B6C4E19-9978-45A2-BA47-1C7895D21BA7}.Release|Any CPU.ActiveCfg = Release|Any CPU
		{2B6C4E19-9978-45A2-BA47-1C7895D21BA7}.Release|Any CPU.Build.0 = Release|Any CPU
		{AA7BF58D-BA13-41BC-BA05-FF8DA4CC5270}.Debug|Any CPU.ActiveCfg = Debug|Any CPU
		{AA7BF58D-BA13-41BC-BA05-FF8DA4CC5270}.Debug|Any CPU.Build.0 = Debug|Any CPU
		{AA7BF58D-BA13-41BC-BA05-FF8DA4CC5270}.Release|Any CPU.ActiveCfg = Release|Any CPU
		{AA7BF58D-BA13-41BC-BA05-FF8DA4CC5270}.Release|Any CPU.Build.0 = Release|Any CPU
	EndGlobalSection
	GlobalSection(SolutionProperties) = preSolution
		HideSolutionNode = FALSE
	EndGlobalSection
	GlobalSection(ExtensibilityGlobals) = postSolution
		SolutionGuid = {85692576-5E9A-4462-AF19-A17502B48E60}
	EndGlobalSection
EndGlobal
