
Microsoft Visual Studio Solution File, Format Version 12.00
# Visual Studio Version 17
VisualStudioVersion = 17.4.33213.308
MinimumVisualStudioVersion = 10.0.40219.1
Project("{9A19103F-16F7-4668-BE54-9A1E7A4F7556}") = "Harjoitus1", "TekstiVaihto\Harjoitus1.csproj", "{CEB6221A-D2DC-4905-B8D0-9ABC410828FC}"
EndProject
Project("{9A19103F-16F7-4668-BE54-9A1E7A4F7556}") = "Harjoitus2", "Harjoitus2\Harjoitus2.csproj", "{92ABBF36-90A5-4DB6-BA9D-78E3C4FA5446}"
EndProject
Project("{9A19103F-16F7-4668-BE54-9A1E7A4F7556}") = "Harjoitus3", "Harjoitus3\Harjoitus3.csproj", "{2B6C4E19-9978-45A2-BA47-1C7895D21BA7}"
EndProject
Project("{9A19103F-16F7-4668-BE54-9A1E7A4F7556}") = "Harjoitus4", "Harjoitus4\Harjoitus4.csproj", "{AA7BF58D-BA13-41BC-BA05-FF8DA4CC5270}"
EndProject
Project("{9A19103F-16F7-4668-BE54-9A1E7A4F7556}") = "Harjoitus5", "Harjoitus5\Harjoitus5.csproj", "{E324C418-F21E-4F42-9AFC-274CB17B1200}"
EndProject
Project("{9A19103F-16F7-4668-BE54-9A1E7A4F7556}") = "Harjoitus6", "Harjoitus6\Harjoitus6.csproj", "{947FD7AC-0804-4373-9C70-5D0202F31980}"
EndProject
Project("{9A19103F-16F7-4668-BE54-9A1E7A4F7556}") = "Harjoitus7", "Harjoitus7\Harjoitus7.csproj", "{5656E906-2FC5-4668-969C-3B2D81353F59}"
EndProject
Project("{9A19103F-16F7-4668-BE54-9A1E7A4F7556}") = "Harjoitus8", "Harjoitus8\Harjoitus8.csproj", "{22564E28-DC4D-48BE-9AE5-D53E4514E803}"
EndProject
Project("{9A19103F-16F7-4668-BE54-9A1E7A4F7556}") = "Harjoitus9", "Harjoitus9\Harjoitus9.csproj", "{7B0ED393-A97A-4181-A320-B1513EA11BD7}"
EndProject
Project("{9A19103F-16F7-4668-BE54-9A1E7A4F7556}") = "Harjoitus10", "Harjoitus10\Harjoitus10.csproj", "{1510231C-29CC-40D3-9B93-861DB6D265F8}"
EndProject
Project("{9A19103F-16F7-4668-BE54-9A1E7A4F7556}") = "Harjoitus11", "Harjoitus11\Harjoitus11.csproj", "{F510D187-F03F-402B-81EE-93B5EC3E94C9}"
EndProject
Project("{9A19103F-16F7-4668-BE54-9A1E7A4F7556}") = "Harjoitus12", "Harjoitus12\Harjoitus12.csproj", "{B64DCFF4-44F0-4521-A71F-A27294E56B96}"
EndProject
Project("{FAE04EC0-301F-11D3-BF4B-00C04F79EFBC}") = "Harjoitus13", "Harjoitus13\Harjoitus13.csproj", "{1A67742A-D152-4FFD-91A0-BC2690CB0908}"
EndProject
Project("{FAE04EC0-301F-11D3-BF4B-00C04F79EFBC}") = "Harjoitus14", "Harjoitus14\Harjoitus14.csproj", "{0A72BE79-989E-414F-AEB5-C3323C90D320}"
EndProject
Global
	GlobalSection(SolutionConfigurationPlatforms) = preSolution
		Debug|Any CPU = Debug|Any CPU
		Release|Any CPU = Release|Any CPU
	EndGlobalSection
	GlobalSection(ProjectConfigurationPlatforms) = postSolution
		{CEB6221A-D2DC-4905-B8D0-9ABC410828FC}.Debug|Any CPU.ActiveCfg = Debug|Any CPU
		{CEB6221A-D2DC-4905-B8D0-9ABC410828FC}.Debug|Any CPU.Build.0 = Debug|Any CPU
		{CEB6221A-D2DC-4905-B8D0-9ABC410828FC}.Release|Any CPU.ActiveCfg = Release|Any CPU
		{CEB6221A-D2DC-4905-B8D0-9ABC410828FC}.Release|Any CPU.Build.0 = Release|Any CPU
		{92ABBF36-90A5-4DB6-BA9D-78E3C4FA5446}.Debug|Any CPU.ActiveCfg = Debug|Any CPU
		{92ABBF36-90A5-4DB6-BA9D-78E3C4FA5446}.Debug|Any CPU.Build.0 = Debug|Any CPU
		{92ABBF36-90A5-4DB6-BA9D-78E3C4FA5446}.Release|Any CPU.ActiveCfg = Release|Any CPU
		{92ABBF36-90A5-4DB6-BA9D-78E3C4FA5446}.Release|Any CPU.Build.0 = Release|Any CPU
		{2B6C4E19-9978-45A2-BA47-1C7895D21BA7}.Debug|Any CPU.ActiveCfg = Debug|Any CPU
		{2B6C4E19-9978-45A2-BA47-1C7895D21BA7}.Debug|Any CPU.Build.0 = Debug|Any CPU
		{2B6C4E19-9978-45A2-BA47-1C7895D21BA7}.Release|Any CPU.ActiveCfg = Release|Any CPU
		{2B6C4E19-9978-45A2-BA47-1C7895D21BA7}.Release|Any CPU.Build.0 = Release|Any CPU
		{AA7BF58D-BA13-41BC-BA05-FF8DA4CC5270}.Debug|Any CPU.ActiveCfg = Debug|Any CPU
		{AA7BF58D-BA13-41BC-BA05-FF8DA4CC5270}.Debug|Any CPU.Build.0 = Debug|Any CPU
		{AA7BF58D-BA13-41BC-BA05-FF8DA4CC5270}.Release|Any CPU.ActiveCfg = Release|Any CPU
		{AA7BF58D-BA13-41BC-BA05-FF8DA4CC5270}.Release|Any CPU.Build.0 = Release|Any CPU
		{E324C418-F21E-4F42-9AFC-274CB17B1200}.Debug|Any CPU.ActiveCfg = Debug|Any CPU
		{E324C418-F21E-4F42-9AFC-274CB17B1200}.Debug|Any CPU.Build.0 = Debug|Any CPU
		{E324C418-F21E-4F42-9AFC-274CB17B1200}.Release|Any CPU.ActiveCfg = Release|Any CPU
		{E324C418-F21E-4F42-9AFC-274CB17B1200}.Release|Any CPU.Build.0 = Release|Any CPU
		{947FD7AC-0804-4373-9C70-5D0202F31980}.Debug|Any CPU.ActiveCfg = Debug|Any CPU
		{947FD7AC-0804-4373-9C70-5D0202F31980}.Debug|Any CPU.Build.0 = Debug|Any CPU
		{947FD7AC-0804-4373-9C70-5D0202F31980}.Release|Any CPU.ActiveCfg = Release|Any CPU
		{947FD7AC-0804-4373-9C70-5D0202F31980}.Release|Any CPU.Build.0 = Release|Any CPU
		{5656E906-2FC5-4668-969C-3B2D81353F59}.Debug|Any CPU.ActiveCfg = Debug|Any CPU
		{5656E906-2FC5-4668-969C-3B2D81353F59}.Debug|Any CPU.Build.0 = Debug|Any CPU
		{5656E906-2FC5-4668-969C-3B2D81353F59}.Release|Any CPU.ActiveCfg = Release|Any CPU
		{5656E906-2FC5-4668-969C-3B2D81353F59}.Release|Any CPU.Build.0 = Release|Any CPU
		{22564E28-DC4D-48BE-9AE5-D53E4514E803}.Debug|Any CPU.ActiveCfg = Debug|Any CPU
		{22564E28-DC4D-48BE-9AE5-D53E4514E803}.Debug|Any CPU.Build.0 = Debug|Any CPU
		{22564E28-DC4D-48BE-9AE5-D53E4514E803}.Release|Any CPU.ActiveCfg = Release|Any CPU
		{22564E28-DC4D-48BE-9AE5-D53E4514E803}.Release|Any CPU.Build.0 = Release|Any CPU
		{7B0ED393-A97A-4181-A320-B1513EA11BD7}.Debug|Any CPU.ActiveCfg = Debug|Any CPU
		{7B0ED393-A97A-4181-A320-B1513EA11BD7}.Debug|Any CPU.Build.0 = Debug|Any CPU
		{7B0ED393-A97A-4181-A320-B1513EA11BD7}.Release|Any CPU.ActiveCfg = Release|Any CPU
		{7B0ED393-A97A-4181-A320-B1513EA11BD7}.Release|Any CPU.Build.0 = Release|Any CPU
		{1510231C-29CC-40D3-9B93-861DB6D265F8}.Debug|Any CPU.ActiveCfg = Debug|Any CPU
		{1510231C-29CC-40D3-9B93-861DB6D265F8}.Debug|Any CPU.Build.0 = Debug|Any CPU
		{1510231C-29CC-40D3-9B93-861DB6D265F8}.Release|Any CPU.ActiveCfg = Release|Any CPU
		{1510231C-29CC-40D3-9B93-861DB6D265F8}.Release|Any CPU.Build.0 = Release|Any CPU
		{F510D187-F03F-402B-81EE-93B5EC3E94C9}.Debug|Any CPU.ActiveCfg = Debug|Any CPU
		{F510D187-F03F-402B-81EE-93B5EC3E94C9}.Debug|Any CPU.Build.0 = Debug|Any CPU
		{F510D187-F03F-402B-81EE-93B5EC3E94C9}.Release|Any CPU.ActiveCfg = Release|Any CPU
		{F510D187-F03F-402B-81EE-93B5EC3E94C9}.Release|Any CPU.Build.0 = Release|Any CPU
		{B64DCFF4-44F0-4521-A71F-A27294E56B96}.Debug|Any CPU.ActiveCfg = Debug|Any CPU
		{B64DCFF4-44F0-4521-A71F-A27294E56B96}.Debug|Any CPU.Build.0 = Debug|Any CPU
		{B64DCFF4-44F0-4521-A71F-A27294E56B96}.Release|Any CPU.ActiveCfg = Release|Any CPU
		{B64DCFF4-44F0-4521-A71F-A27294E56B96}.Release|Any CPU.Build.0 = Release|Any CPU
		{1A67742A-D152-4FFD-91A0-BC2690CB0908}.Debug|Any CPU.ActiveCfg = Debug|Any CPU
		{1A67742A-D152-4FFD-91A0-BC2690CB0908}.Debug|Any CPU.Build.0 = Debug|Any CPU
		{1A67742A-D152-4FFD-91A0-BC2690CB0908}.Release|Any CPU.ActiveCfg = Release|Any CPU
		{1A67742A-D152-4FFD-91A0-BC2690CB0908}.Release|Any CPU.Build.0 = Release|Any CPU
		{0A72BE79-989E-414F-AEB5-C3323C90D320}.Debug|Any CPU.ActiveCfg = Debug|Any CPU
		{0A72BE79-989E-414F-AEB5-C3323C90D320}.Debug|Any CPU.Build.0 = Debug|Any CPU
		{0A72BE79-989E-414F-AEB5-C3323C90D320}.Release|Any CPU.ActiveCfg = Release|Any CPU
		{0A72BE79-989E-414F-AEB5-C3323C90D320}.Release|Any CPU.Build.0 = Release|Any CPU
	EndGlobalSection
	GlobalSection(SolutionProperties) = preSolution
		HideSolutionNode = FALSE
	EndGlobalSection
	GlobalSection(ExtensibilityGlobals) = postSolution
		SolutionGuid = {85692576-5E9A-4462-AF19-A17502B48E60}
	EndGlobalSection
EndGlobal
