
Microsoft Visual Studio Solution File, Format Version 12.00
# Visual Studio Version 17
VisualStudioVersion = 17.4.33213.308
MinimumVisualStudioVersion = 10.0.40219.1
Project("{9A19103F-16F7-4668-BE54-9A1E7A4F7556}") = "P01", "Tehtava1\P01.csproj", "{527402AD-ABC3-4097-9E75-A2E9404C73D4}"
EndProject
Project("{9A19103F-16F7-4668-BE54-9A1E7A4F7556}") = "P02", "Tehtava2\P02.csproj", "{682858AD-8B03-401D-9B9C-3F54F535292C}"
EndProject
Project("{9A19103F-16F7-4668-BE54-9A1E7A4F7556}") = "P03", "Tehtava3\P03.csproj", "{3054DB2A-C353-46A3-BACC-F17D727BD861}"
EndProject
Project("{9A19103F-16F7-4668-BE54-9A1E7A4F7556}") = "P04", "Tehtava4\P04.csproj", "{E1DB34AD-871D-4294-9AE0-025859481518}"
EndProject
Project("{9A19103F-16F7-4668-BE54-9A1E7A4F7556}") = "P05", "Tehtava5\P05.csproj", "{887BC76E-E331-49ED-8EF1-8FB0EABC3AD7}"
EndProject
Project("{9A19103F-16F7-4668-BE54-9A1E7A4F7556}") = "P06", "Tehtava6\P06.csproj", "{1DEDBD30-D42A-4961-B5CF-2BA4EAE77881}"
EndProject
Project("{9A19103F-16F7-4668-BE54-9A1E7A4F7556}") = "P07", "Tehtava7\P07.csproj", "{318B9B90-0926-42F5-B68F-7581B098D1FE}"
EndProject
Project("{9A19103F-16F7-4668-BE54-9A1E7A4F7556}") = "P08", "P08\P08.csproj", "{F3DA3BC5-1B87-4A69-9975-52848013C679}"
EndProject
Project("{9A19103F-16F7-4668-BE54-9A1E7A4F7556}") = "P09", "P09\P09.csproj", "{CAAAB361-8188-42E9-B7C2-867B84006C26}"
EndProject
Project("{9A19103F-16F7-4668-BE54-9A1E7A4F7556}") = "P10", "P10\P10.csproj", "{6FB5CF0E-5D80-4804-B4EF-203211C121E1}"
EndProject
Project("{9A19103F-16F7-4668-BE54-9A1E7A4F7556}") = "P11", "P11\P11.csproj", "{741E1238-13AB-4CF3-8C66-15C8AFB0C2A4}"
EndProject
Project("{9A19103F-16F7-4668-BE54-9A1E7A4F7556}") = "P12", "P12\P12.csproj", "{4AD13677-512A-4957-8595-4A28A595EE1E}"
EndProject
Project("{9A19103F-16F7-4668-BE54-9A1E7A4F7556}") = "P13", "P13\P13.csproj", "{A824959F-8004-4914-B39A-D7D9118AFB7F}"
EndProject
Project("{9A19103F-16F7-4668-BE54-9A1E7A4F7556}") = "P14", "P14\P14.csproj", "{48DDC911-D0F2-48C2-B11A-A676A426285F}"
EndProject
Project("{9A19103F-16F7-4668-BE54-9A1E7A4F7556}") = "P15", "P15\P15.csproj", "{575C4607-0812-4F84-BB6B-BB51955CFE21}"
EndProject
Project("{9A19103F-16F7-4668-BE54-9A1E7A4F7556}") = "P16", "P16\P16.csproj", "{0B337164-96B9-46A3-B2EE-FA64AD77970E}"
EndProject
Project("{9A19103F-16F7-4668-BE54-9A1E7A4F7556}") = "IE01", "IE01\IE01.csproj", "{F187BD40-EA8F-49CC-A1A5-ABCBF7C26100}"
EndProject
Project("{9A19103F-16F7-4668-BE54-9A1E7A4F7556}") = "IE02", "IE02\IE02.csproj", "{5754953C-F40D-44BE-BC9B-DA75A381FBE1}"
EndProject
Project("{9A19103F-16F7-4668-BE54-9A1E7A4F7556}") = "IE03", "IE03\IE03.csproj", "{5A0721BF-4E17-4DEE-9A5D-0F3ACCAC9CA9}"
EndProject
Project("{9A19103F-16F7-4668-BE54-9A1E7A4F7556}") = "IE04", "IE04\IE04.csproj", "{DF952EDD-C414-47B7-B726-EBBE5DD442FB}"
EndProject
Project("{9A19103F-16F7-4668-BE54-9A1E7A4F7556}") = "IE05", "IE05\IE05.csproj", "{E9DD126A-C537-4D74-B633-D8E1AC920168}"
EndProject
Project("{9A19103F-16F7-4668-BE54-9A1E7A4F7556}") = "IE06", "IE06\IE06.csproj", "{C0400FF8-61DD-4CC8-9EF5-BFAFFAF3DED4}"
EndProject
Project("{9A19103F-16F7-4668-BE54-9A1E7A4F7556}") = "IE07", "IE07\IE07.csproj", "{6220E1ED-3844-4959-8AB2-EBBA135A4943}"
EndProject
Project("{9A19103F-16F7-4668-BE54-9A1E7A4F7556}") = "IE08", "IE08\IE08.csproj", "{C9C5EA0F-8B3B-4676-9709-D8189A84832B}"
EndProject
Project("{9A19103F-16F7-4668-BE54-9A1E7A4F7556}") = "IE09", "IE09\IE09.csproj", "{839AF39B-2F46-4553-92CF-E2E858A471E5}"
EndProject
Project("{9A19103F-16F7-4668-BE54-9A1E7A4F7556}") = "IE10", "IE10\IE10.csproj", "{29AF9C67-FB21-49A0-B658-14A3A6D59868}"
EndProject
Project("{9A19103F-16F7-4668-BE54-9A1E7A4F7556}") = "IE11", "IE11\IE11.csproj", "{AEF417E5-E5D8-4D7B-8C4F-343A9E4E8725}"
EndProject
Project("{9A19103F-16F7-4668-BE54-9A1E7A4F7556}") = "IE12", "IE12\IE12.csproj", "{FB706900-7191-4E57-BFFD-AB2F8B4002FF}"
EndProject
Project("{FAE04EC0-301F-11D3-BF4B-00C04F79EFBC}") = "S01", "S01\S01.csproj", "{9A2D9E3A-A9B3-4CB6-A9CC-7C73FB81A757}"
EndProject
Project("{FAE04EC0-301F-11D3-BF4B-00C04F79EFBC}") = "S02", "S02\S02.csproj", "{698FD709-89C3-4125-B3EF-99E2D0BCD88A}"
EndProject
Project("{FAE04EC0-301F-11D3-BF4B-00C04F79EFBC}") = "S03", "S03\S03.csproj", "{4D5F2031-4DD7-4E8F-8917-0C4236AC1ED7}"
EndProject
Project("{FAE04EC0-301F-11D3-BF4B-00C04F79EFBC}") = "S04", "S04\S04.csproj", "{88ACE552-4B98-41B4-B36C-0DB7516192E3}"
EndProject
Project("{FAE04EC0-301F-11D3-BF4B-00C04F79EFBC}") = "S05", "S05\S05.csproj", "{B96ED9A1-1F18-4776-AD5B-04A4F1C96807}"
EndProject
Project("{FAE04EC0-301F-11D3-BF4B-00C04F79EFBC}") = "S06", "S06\S06.csproj", "{8D031792-9EFE-4BF7-8767-A99F391942A3}"
EndProject
Project("{FAE04EC0-301F-11D3-BF4B-00C04F79EFBC}") = "S07", "S07\S07.csproj", "{4736A979-A96F-496A-949F-67D5C13325FB}"
EndProject
Project("{FAE04EC0-301F-11D3-BF4B-00C04F79EFBC}") = "S08", "S08\S08.csproj", "{18E63C82-4060-4ECE-AC23-27A0DBC803E0}"
EndProject
Project("{FAE04EC0-301F-11D3-BF4B-00C04F79EFBC}") = "S09", "S09\S09.csproj", "{FD5E6F42-03C6-4202-9715-CC91DA6CAC5B}"
EndProject
Project("{FAE04EC0-301F-11D3-BF4B-00C04F79EFBC}") = "S10", "S10\S10.csproj", "{59B95858-99B1-4E56-8E61-1809B4472BDC}"
EndProject
Project("{FAE04EC0-301F-11D3-BF4B-00C04F79EFBC}") = "S11", "S11\S11.csproj", "{A1F70D94-459C-4FF0-8F07-8B77FAE26C43}"
EndProject
Project("{FAE04EC0-301F-11D3-BF4B-00C04F79EFBC}") = "S12", "S12\S12.csproj", "{7317A740-440B-4368-9E15-45863F02B8D2}"
EndProject
Project("{FAE04EC0-301F-11D3-BF4B-00C04F79EFBC}") = "S13", "S13\S13.csproj", "{46F7F01A-747E-4B3F-91B0-F202C68AB7F6}"
EndProject
Project("{FAE04EC0-301F-11D3-BF4B-00C04F79EFBC}") = "S14", "S14\S14.csproj", "{5057C73B-AE45-48DE-B6EB-159BF560AEE5}"
EndProject
Global
	GlobalSection(SolutionConfigurationPlatforms) = preSolution
		Debug|Any CPU = Debug|Any CPU
		Release|Any CPU = Release|Any CPU
	EndGlobalSection
	GlobalSection(ProjectConfigurationPlatforms) = postSolution
		{527402AD-ABC3-4097-9E75-A2E9404C73D4}.Debug|Any CPU.ActiveCfg = Debug|Any CPU
		{527402AD-ABC3-4097-9E75-A2E9404C73D4}.Debug|Any CPU.Build.0 = Debug|Any CPU
		{527402AD-ABC3-4097-9E75-A2E9404C73D4}.Release|Any CPU.ActiveCfg = Release|Any CPU
		{527402AD-ABC3-4097-9E75-A2E9404C73D4}.Release|Any CPU.Build.0 = Release|Any CPU
		{682858AD-8B03-401D-9B9C-3F54F535292C}.Debug|Any CPU.ActiveCfg = Debug|Any CPU
		{682858AD-8B03-401D-9B9C-3F54F535292C}.Debug|Any CPU.Build.0 = Debug|Any CPU
		{682858AD-8B03-401D-9B9C-3F54F535292C}.Release|Any CPU.ActiveCfg = Release|Any CPU
		{682858AD-8B03-401D-9B9C-3F54F535292C}.Release|Any CPU.Build.0 = Release|Any CPU
		{3054DB2A-C353-46A3-BACC-F17D727BD861}.Debug|Any CPU.ActiveCfg = Debug|Any CPU
		{3054DB2A-C353-46A3-BACC-F17D727BD861}.Debug|Any CPU.Build.0 = Debug|Any CPU
		{3054DB2A-C353-46A3-BACC-F17D727BD861}.Release|Any CPU.ActiveCfg = Release|Any CPU
		{3054DB2A-C353-46A3-BACC-F17D727BD861}.Release|Any CPU.Build.0 = Release|Any CPU
		{E1DB34AD-871D-4294-9AE0-025859481518}.Debug|Any CPU.ActiveCfg = Debug|Any CPU
		{E1DB34AD-871D-4294-9AE0-025859481518}.Debug|Any CPU.Build.0 = Debug|Any CPU
		{E1DB34AD-871D-4294-9AE0-025859481518}.Release|Any CPU.ActiveCfg = Release|Any CPU
		{E1DB34AD-871D-4294-9AE0-025859481518}.Release|Any CPU.Build.0 = Release|Any CPU
		{887BC76E-E331-49ED-8EF1-8FB0EABC3AD7}.Debug|Any CPU.ActiveCfg = Debug|Any CPU
		{887BC76E-E331-49ED-8EF1-8FB0EABC3AD7}.Debug|Any CPU.Build.0 = Debug|Any CPU
		{887BC76E-E331-49ED-8EF1-8FB0EABC3AD7}.Release|Any CPU.ActiveCfg = Release|Any CPU
		{887BC76E-E331-49ED-8EF1-8FB0EABC3AD7}.Release|Any CPU.Build.0 = Release|Any CPU
		{1DEDBD30-D42A-4961-B5CF-2BA4EAE77881}.Debug|Any CPU.ActiveCfg = Debug|Any CPU
		{1DEDBD30-D42A-4961-B5CF-2BA4EAE77881}.Debug|Any CPU.Build.0 = Debug|Any CPU
		{1DEDBD30-D42A-4961-B5CF-2BA4EAE77881}.Release|Any CPU.ActiveCfg = Release|Any CPU
		{1DEDBD30-D42A-4961-B5CF-2BA4EAE77881}.Release|Any CPU.Build.0 = Release|Any CPU
		{318B9B90-0926-42F5-B68F-7581B098D1FE}.Debug|Any CPU.ActiveCfg = Debug|Any CPU
		{318B9B90-0926-42F5-B68F-7581B098D1FE}.Debug|Any CPU.Build.0 = Debug|Any CPU
		{318B9B90-0926-42F5-B68F-7581B098D1FE}.Release|Any CPU.ActiveCfg = Release|Any CPU
		{318B9B90-0926-42F5-B68F-7581B098D1FE}.Release|Any CPU.Build.0 = Release|Any CPU
		{F3DA3BC5-1B87-4A69-9975-52848013C679}.Debug|Any CPU.ActiveCfg = Debug|Any CPU
		{F3DA3BC5-1B87-4A69-9975-52848013C679}.Debug|Any CPU.Build.0 = Debug|Any CPU
		{F3DA3BC5-1B87-4A69-9975-52848013C679}.Release|Any CPU.ActiveCfg = Release|Any CPU
		{F3DA3BC5-1B87-4A69-9975-52848013C679}.Release|Any CPU.Build.0 = Release|Any CPU
		{CAAAB361-8188-42E9-B7C2-867B84006C26}.Debug|Any CPU.ActiveCfg = Debug|Any CPU
		{CAAAB361-8188-42E9-B7C2-867B84006C26}.Debug|Any CPU.Build.0 = Debug|Any CPU
		{CAAAB361-8188-42E9-B7C2-867B84006C26}.Release|Any CPU.ActiveCfg = Release|Any CPU
		{CAAAB361-8188-42E9-B7C2-867B84006C26}.Release|Any CPU.Build.0 = Release|Any CPU
		{6FB5CF0E-5D80-4804-B4EF-203211C121E1}.Debug|Any CPU.ActiveCfg = Debug|Any CPU
		{6FB5CF0E-5D80-4804-B4EF-203211C121E1}.Debug|Any CPU.Build.0 = Debug|Any CPU
		{6FB5CF0E-5D80-4804-B4EF-203211C121E1}.Release|Any CPU.ActiveCfg = Release|Any CPU
		{6FB5CF0E-5D80-4804-B4EF-203211C121E1}.Release|Any CPU.Build.0 = Release|Any CPU
		{741E1238-13AB-4CF3-8C66-15C8AFB0C2A4}.Debug|Any CPU.ActiveCfg = Debug|Any CPU
		{741E1238-13AB-4CF3-8C66-15C8AFB0C2A4}.Debug|Any CPU.Build.0 = Debug|Any CPU
		{741E1238-13AB-4CF3-8C66-15C8AFB0C2A4}.Release|Any CPU.ActiveCfg = Release|Any CPU
		{741E1238-13AB-4CF3-8C66-15C8AFB0C2A4}.Release|Any CPU.Build.0 = Release|Any CPU
		{4AD13677-512A-4957-8595-4A28A595EE1E}.Debug|Any CPU.ActiveCfg = Debug|Any CPU
		{4AD13677-512A-4957-8595-4A28A595EE1E}.Debug|Any CPU.Build.0 = Debug|Any CPU
		{4AD13677-512A-4957-8595-4A28A595EE1E}.Release|Any CPU.ActiveCfg = Release|Any CPU
		{4AD13677-512A-4957-8595-4A28A595EE1E}.Release|Any CPU.Build.0 = Release|Any CPU
		{A824959F-8004-4914-B39A-D7D9118AFB7F}.Debug|Any CPU.ActiveCfg = Debug|Any CPU
		{A824959F-8004-4914-B39A-D7D9118AFB7F}.Debug|Any CPU.Build.0 = Debug|Any CPU
		{A824959F-8004-4914-B39A-D7D9118AFB7F}.Release|Any CPU.ActiveCfg = Release|Any CPU
		{A824959F-8004-4914-B39A-D7D9118AFB7F}.Release|Any CPU.Build.0 = Release|Any CPU
		{48DDC911-D0F2-48C2-B11A-A676A426285F}.Debug|Any CPU.ActiveCfg = Debug|Any CPU
		{48DDC911-D0F2-48C2-B11A-A676A426285F}.Debug|Any CPU.Build.0 = Debug|Any CPU
		{48DDC911-D0F2-48C2-B11A-A676A426285F}.Release|Any CPU.ActiveCfg = Release|Any CPU
		{48DDC911-D0F2-48C2-B11A-A676A426285F}.Release|Any CPU.Build.0 = Release|Any CPU
		{575C4607-0812-4F84-BB6B-BB51955CFE21}.Debug|Any CPU.ActiveCfg = Debug|Any CPU
		{575C4607-0812-4F84-BB6B-BB51955CFE21}.Debug|Any CPU.Build.0 = Debug|Any CPU
		{575C4607-0812-4F84-BB6B-BB51955CFE21}.Release|Any CPU.ActiveCfg = Release|Any CPU
		{575C4607-0812-4F84-BB6B-BB51955CFE21}.Release|Any CPU.Build.0 = Release|Any CPU
		{0B337164-96B9-46A3-B2EE-FA64AD77970E}.Debug|Any CPU.ActiveCfg = Debug|Any CPU
		{0B337164-96B9-46A3-B2EE-FA64AD77970E}.Debug|Any CPU.Build.0 = Debug|Any CPU
		{0B337164-96B9-46A3-B2EE-FA64AD77970E}.Release|Any CPU.ActiveCfg = Release|Any CPU
		{0B337164-96B9-46A3-B2EE-FA64AD77970E}.Release|Any CPU.Build.0 = Release|Any CPU
		{F187BD40-EA8F-49CC-A1A5-ABCBF7C26100}.Debug|Any CPU.ActiveCfg = Debug|Any CPU
		{F187BD40-EA8F-49CC-A1A5-ABCBF7C26100}.Debug|Any CPU.Build.0 = Debug|Any CPU
		{F187BD40-EA8F-49CC-A1A5-ABCBF7C26100}.Release|Any CPU.ActiveCfg = Release|Any CPU
		{F187BD40-EA8F-49CC-A1A5-ABCBF7C26100}.Release|Any CPU.Build.0 = Release|Any CPU
		{5754953C-F40D-44BE-BC9B-DA75A381FBE1}.Debug|Any CPU.ActiveCfg = Debug|Any CPU
		{5754953C-F40D-44BE-BC9B-DA75A381FBE1}.Debug|Any CPU.Build.0 = Debug|Any CPU
		{5754953C-F40D-44BE-BC9B-DA75A381FBE1}.Release|Any CPU.ActiveCfg = Release|Any CPU
		{5754953C-F40D-44BE-BC9B-DA75A381FBE1}.Release|Any CPU.Build.0 = Release|Any CPU
		{5A0721BF-4E17-4DEE-9A5D-0F3ACCAC9CA9}.Debug|Any CPU.ActiveCfg = Debug|Any CPU
		{5A0721BF-4E17-4DEE-9A5D-0F3ACCAC9CA9}.Debug|Any CPU.Build.0 = Debug|Any CPU
		{5A0721BF-4E17-4DEE-9A5D-0F3ACCAC9CA9}.Release|Any CPU.ActiveCfg = Release|Any CPU
		{5A0721BF-4E17-4DEE-9A5D-0F3ACCAC9CA9}.Release|Any CPU.Build.0 = Release|Any CPU
		{DF952EDD-C414-47B7-B726-EBBE5DD442FB}.Debug|Any CPU.ActiveCfg = Debug|Any CPU
		{DF952EDD-C414-47B7-B726-EBBE5DD442FB}.Debug|Any CPU.Build.0 = Debug|Any CPU
		{DF952EDD-C414-47B7-B726-EBBE5DD442FB}.Release|Any CPU.ActiveCfg = Release|Any CPU
		{DF952EDD-C414-47B7-B726-EBBE5DD442FB}.Release|Any CPU.Build.0 = Release|Any CPU
		{E9DD126A-C537-4D74-B633-D8E1AC920168}.Debug|Any CPU.ActiveCfg = Debug|Any CPU
		{E9DD126A-C537-4D74-B633-D8E1AC920168}.Debug|Any CPU.Build.0 = Debug|Any CPU
		{E9DD126A-C537-4D74-B633-D8E1AC920168}.Release|Any CPU.ActiveCfg = Release|Any CPU
		{E9DD126A-C537-4D74-B633-D8E1AC920168}.Release|Any CPU.Build.0 = Release|Any CPU
		{C0400FF8-61DD-4CC8-9EF5-BFAFFAF3DED4}.Debug|Any CPU.ActiveCfg = Debug|Any CPU
		{C0400FF8-61DD-4CC8-9EF5-BFAFFAF3DED4}.Debug|Any CPU.Build.0 = Debug|Any CPU
		{C0400FF8-61DD-4CC8-9EF5-BFAFFAF3DED4}.Release|Any CPU.ActiveCfg = Release|Any CPU
		{C0400FF8-61DD-4CC8-9EF5-BFAFFAF3DED4}.Release|Any CPU.Build.0 = Release|Any CPU
		{6220E1ED-3844-4959-8AB2-EBBA135A4943}.Debug|Any CPU.ActiveCfg = Debug|Any CPU
		{6220E1ED-3844-4959-8AB2-EBBA135A4943}.Debug|Any CPU.Build.0 = Debug|Any CPU
		{6220E1ED-3844-4959-8AB2-EBBA135A4943}.Release|Any CPU.ActiveCfg = Release|Any CPU
		{6220E1ED-3844-4959-8AB2-EBBA135A4943}.Release|Any CPU.Build.0 = Release|Any CPU
		{C9C5EA0F-8B3B-4676-9709-D8189A84832B}.Debug|Any CPU.ActiveCfg = Debug|Any CPU
		{C9C5EA0F-8B3B-4676-9709-D8189A84832B}.Debug|Any CPU.Build.0 = Debug|Any CPU
		{C9C5EA0F-8B3B-4676-9709-D8189A84832B}.Release|Any CPU.ActiveCfg = Release|Any CPU
		{C9C5EA0F-8B3B-4676-9709-D8189A84832B}.Release|Any CPU.Build.0 = Release|Any CPU
		{839AF39B-2F46-4553-92CF-E2E858A471E5}.Debug|Any CPU.ActiveCfg = Debug|Any CPU
		{839AF39B-2F46-4553-92CF-E2E858A471E5}.Debug|Any CPU.Build.0 = Debug|Any CPU
		{839AF39B-2F46-4553-92CF-E2E858A471E5}.Release|Any CPU.ActiveCfg = Release|Any CPU
		{839AF39B-2F46-4553-92CF-E2E858A471E5}.Release|Any CPU.Build.0 = Release|Any CPU
		{29AF9C67-FB21-49A0-B658-14A3A6D59868}.Debug|Any CPU.ActiveCfg = Debug|Any CPU
		{29AF9C67-FB21-49A0-B658-14A3A6D59868}.Debug|Any CPU.Build.0 = Debug|Any CPU
		{29AF9C67-FB21-49A0-B658-14A3A6D59868}.Release|Any CPU.ActiveCfg = Release|Any CPU
		{29AF9C67-FB21-49A0-B658-14A3A6D59868}.Release|Any CPU.Build.0 = Release|Any CPU
		{AEF417E5-E5D8-4D7B-8C4F-343A9E4E8725}.Debug|Any CPU.ActiveCfg = Debug|Any CPU
		{AEF417E5-E5D8-4D7B-8C4F-343A9E4E8725}.Debug|Any CPU.Build.0 = Debug|Any CPU
		{AEF417E5-E5D8-4D7B-8C4F-343A9E4E8725}.Release|Any CPU.ActiveCfg = Release|Any CPU
		{AEF417E5-E5D8-4D7B-8C4F-343A9E4E8725}.Release|Any CPU.Build.0 = Release|Any CPU
		{FB706900-7191-4E57-BFFD-AB2F8B4002FF}.Debug|Any CPU.ActiveCfg = Debug|Any CPU
		{FB706900-7191-4E57-BFFD-AB2F8B4002FF}.Debug|Any CPU.Build.0 = Debug|Any CPU
		{FB706900-7191-4E57-BFFD-AB2F8B4002FF}.Release|Any CPU.ActiveCfg = Release|Any CPU
		{FB706900-7191-4E57-BFFD-AB2F8B4002FF}.Release|Any CPU.Build.0 = Release|Any CPU
		{9A2D9E3A-A9B3-4CB6-A9CC-7C73FB81A757}.Debug|Any CPU.ActiveCfg = Debug|Any CPU
		{9A2D9E3A-A9B3-4CB6-A9CC-7C73FB81A757}.Debug|Any CPU.Build.0 = Debug|Any CPU
		{9A2D9E3A-A9B3-4CB6-A9CC-7C73FB81A757}.Release|Any CPU.ActiveCfg = Release|Any CPU
		{9A2D9E3A-A9B3-4CB6-A9CC-7C73FB81A757}.Release|Any CPU.Build.0 = Release|Any CPU
		{698FD709-89C3-4125-B3EF-99E2D0BCD88A}.Debug|Any CPU.ActiveCfg = Debug|Any CPU
		{698FD709-89C3-4125-B3EF-99E2D0BCD88A}.Debug|Any CPU.Build.0 = Debug|Any CPU
		{698FD709-89C3-4125-B3EF-99E2D0BCD88A}.Release|Any CPU.ActiveCfg = Release|Any CPU
		{698FD709-89C3-4125-B3EF-99E2D0BCD88A}.Release|Any CPU.Build.0 = Release|Any CPU
		{4D5F2031-4DD7-4E8F-8917-0C4236AC1ED7}.Debug|Any CPU.ActiveCfg = Debug|Any CPU
		{4D5F2031-4DD7-4E8F-8917-0C4236AC1ED7}.Debug|Any CPU.Build.0 = Debug|Any CPU
		{4D5F2031-4DD7-4E8F-8917-0C4236AC1ED7}.Release|Any CPU.ActiveCfg = Release|Any CPU
		{4D5F2031-4DD7-4E8F-8917-0C4236AC1ED7}.Release|Any CPU.Build.0 = Release|Any CPU
		{88ACE552-4B98-41B4-B36C-0DB7516192E3}.Debug|Any CPU.ActiveCfg = Debug|Any CPU
		{88ACE552-4B98-41B4-B36C-0DB7516192E3}.Debug|Any CPU.Build.0 = Debug|Any CPU
		{88ACE552-4B98-41B4-B36C-0DB7516192E3}.Release|Any CPU.ActiveCfg = Release|Any CPU
		{88ACE552-4B98-41B4-B36C-0DB7516192E3}.Release|Any CPU.Build.0 = Release|Any CPU
		{B96ED9A1-1F18-4776-AD5B-04A4F1C96807}.Debug|Any CPU.ActiveCfg = Debug|Any CPU
		{B96ED9A1-1F18-4776-AD5B-04A4F1C96807}.Debug|Any CPU.Build.0 = Debug|Any CPU
		{B96ED9A1-1F18-4776-AD5B-04A4F1C96807}.Release|Any CPU.ActiveCfg = Release|Any CPU
		{B96ED9A1-1F18-4776-AD5B-04A4F1C96807}.Release|Any CPU.Build.0 = Release|Any CPU
		{8D031792-9EFE-4BF7-8767-A99F391942A3}.Debug|Any CPU.ActiveCfg = Debug|Any CPU
		{8D031792-9EFE-4BF7-8767-A99F391942A3}.Debug|Any CPU.Build.0 = Debug|Any CPU
		{8D031792-9EFE-4BF7-8767-A99F391942A3}.Release|Any CPU.ActiveCfg = Release|Any CPU
		{8D031792-9EFE-4BF7-8767-A99F391942A3}.Release|Any CPU.Build.0 = Release|Any CPU
		{4736A979-A96F-496A-949F-67D5C13325FB}.Debug|Any CPU.ActiveCfg = Debug|Any CPU
		{4736A979-A96F-496A-949F-67D5C13325FB}.Debug|Any CPU.Build.0 = Debug|Any CPU
		{4736A979-A96F-496A-949F-67D5C13325FB}.Release|Any CPU.ActiveCfg = Release|Any CPU
		{4736A979-A96F-496A-949F-67D5C13325FB}.Release|Any CPU.Build.0 = Release|Any CPU
		{18E63C82-4060-4ECE-AC23-27A0DBC803E0}.Debug|Any CPU.ActiveCfg = Debug|Any CPU
		{18E63C82-4060-4ECE-AC23-27A0DBC803E0}.Debug|Any CPU.Build.0 = Debug|Any CPU
		{18E63C82-4060-4ECE-AC23-27A0DBC803E0}.Release|Any CPU.ActiveCfg = Release|Any CPU
		{18E63C82-4060-4ECE-AC23-27A0DBC803E0}.Release|Any CPU.Build.0 = Release|Any CPU
		{FD5E6F42-03C6-4202-9715-CC91DA6CAC5B}.Debug|Any CPU.ActiveCfg = Debug|Any CPU
		{FD5E6F42-03C6-4202-9715-CC91DA6CAC5B}.Debug|Any CPU.Build.0 = Debug|Any CPU
		{FD5E6F42-03C6-4202-9715-CC91DA6CAC5B}.Release|Any CPU.ActiveCfg = Release|Any CPU
		{FD5E6F42-03C6-4202-9715-CC91DA6CAC5B}.Release|Any CPU.Build.0 = Release|Any CPU
		{59B95858-99B1-4E56-8E61-1809B4472BDC}.Debug|Any CPU.ActiveCfg = Debug|Any CPU
		{59B95858-99B1-4E56-8E61-1809B4472BDC}.Debug|Any CPU.Build.0 = Debug|Any CPU
		{59B95858-99B1-4E56-8E61-1809B4472BDC}.Release|Any CPU.ActiveCfg = Release|Any CPU
		{59B95858-99B1-4E56-8E61-1809B4472BDC}.Release|Any CPU.Build.0 = Release|Any CPU
		{A1F70D94-459C-4FF0-8F07-8B77FAE26C43}.Debug|Any CPU.ActiveCfg = Debug|Any CPU
		{A1F70D94-459C-4FF0-8F07-8B77FAE26C43}.Debug|Any CPU.Build.0 = Debug|Any CPU
		{A1F70D94-459C-4FF0-8F07-8B77FAE26C43}.Release|Any CPU.ActiveCfg = Release|Any CPU
		{A1F70D94-459C-4FF0-8F07-8B77FAE26C43}.Release|Any CPU.Build.0 = Release|Any CPU
		{7317A740-440B-4368-9E15-45863F02B8D2}.Debug|Any CPU.ActiveCfg = Debug|Any CPU
		{7317A740-440B-4368-9E15-45863F02B8D2}.Debug|Any CPU.Build.0 = Debug|Any CPU
		{7317A740-440B-4368-9E15-45863F02B8D2}.Release|Any CPU.ActiveCfg = Release|Any CPU
		{7317A740-440B-4368-9E15-45863F02B8D2}.Release|Any CPU.Build.0 = Release|Any CPU
		{46F7F01A-747E-4B3F-91B0-F202C68AB7F6}.Debug|Any CPU.ActiveCfg = Debug|Any CPU
		{46F7F01A-747E-4B3F-91B0-F202C68AB7F6}.Debug|Any CPU.Build.0 = Debug|Any CPU
		{46F7F01A-747E-4B3F-91B0-F202C68AB7F6}.Release|Any CPU.ActiveCfg = Release|Any CPU
		{46F7F01A-747E-4B3F-91B0-F202C68AB7F6}.Release|Any CPU.Build.0 = Release|Any CPU
		{5057C73B-AE45-48DE-B6EB-159BF560AEE5}.Debug|Any CPU.ActiveCfg = Debug|Any CPU
		{5057C73B-AE45-48DE-B6EB-159BF560AEE5}.Debug|Any CPU.Build.0 = Debug|Any CPU
		{5057C73B-AE45-48DE-B6EB-159BF560AEE5}.Release|Any CPU.ActiveCfg = Release|Any CPU
		{5057C73B-AE45-48DE-B6EB-159BF560AEE5}.Release|Any CPU.Build.0 = Release|Any CPU
	EndGlobalSection
	GlobalSection(SolutionProperties) = preSolution
		HideSolutionNode = FALSE
	EndGlobalSection
	GlobalSection(ExtensibilityGlobals) = postSolution
		SolutionGuid = {BAC2EDA4-41AC-4668-8F8D-519167E794E2}
	EndGlobalSection
EndGlobal
