
Microsoft Visual Studio Solution File, Format Version 12.00
# Visual Studio Version 17
VisualStudioVersion = 17.4.33213.308
MinimumVisualStudioVersion = 10.0.40219.1
Project("{9A19103F-16F7-4668-BE54-9A1E7A4F7556}") = "P01", "Tehtava1\P01.csproj", "{527402AD-ABC3-4097-9E75-A2E9404C73D4}"
EndProject
Project("{9A19103F-16F7-4668-BE54-9A1E7A4F7556}") = "P02", "Tehtava2\P02.csproj", "{682858AD-8B03-401D-9B9C-3F54F535292C}"
EndProject
Project("{9A19103F-16F7-4668-BE54-9A1E7A4F7556}") = "P03", "Tehtava3\P03.csproj", "{3054DB2A-C353-46A3-BACC-F17D727BD861}"
EndProject
Project("{9A19103F-16F7-4668-BE54-9A1E7A4F7556}") = "P04", "Tehtava4\P04.csproj", "{E1DB34AD-871D-4294-9AE0-025859481518}"
EndProject
Project("{9A19103F-16F7-4668-BE54-9A1E7A4F7556}") = "P05", "Tehtava5\P05.csproj", "{887BC76E-E331-49ED-8EF1-8FB0EABC3AD7}"
EndProject
Project("{9A19103F-16F7-4668-BE54-9A1E7A4F7556}") = "P06", "Tehtava6\P06.csproj", "{1DEDBD30-D42A-4961-B5CF-2BA4EAE77881}"
EndProject
Project("{9A19103F-16F7-4668-BE54-9A1E7A4F7556}") = "P07", "Tehtava7\P07.csproj", "{318B9B90-0926-42F5-B68F-7581B098D1FE}"
EndProject
Project("{FAE04EC0-301F-11D3-BF4B-00C04F79EFBC}") = "P08", "P08\P08.csproj", "{F3DA3BC5-1B87-4A69-9975-52848013C679}"
EndProject
Project("{FAE04EC0-301F-11D3-BF4B-00C04F79EFBC}") = "P09", "P09\P09.csproj", "{CAAAB361-8188-42E9-B7C2-867B84006C26}"
EndProject
Project("{FAE04EC0-301F-11D3-BF4B-00C04F79EFBC}") = "P10", "P10\P10.csproj", "{6FB5CF0E-5D80-4804-B4EF-203211C121E1}"
EndProject
Project("{FAE04EC0-301F-11D3-BF4B-00C04F79EFBC}") = "P11", "P11\P11.csproj", "{741E1238-13AB-4CF3-8C66-15C8AFB0C2A4}"
EndProject
Project("{FAE04EC0-301F-11D3-BF4B-00C04F79EFBC}") = "P12", "P12\P12.csproj", "{4AD13677-512A-4957-8595-4A28A595EE1E}"
EndProject
Project("{FAE04EC0-301F-11D3-BF4B-00C04F79EFBC}") = "P13", "P13\P13.csproj", "{A824959F-8004-4914-B39A-D7D9118AFB7F}"
EndProject
Project("{FAE04EC0-301F-11D3-BF4B-00C04F79EFBC}") = "P14", "P14\P14.csproj", "{48DDC911-D0F2-48C2-B11A-A676A426285F}"
EndProject
Project("{FAE04EC0-301F-11D3-BF4B-00C04F79EFBC}") = "P15", "P15\P15.csproj", "{575C4607-0812-4F84-BB6B-BB51955CFE21}"
EndProject
Project("{FAE04EC0-301F-11D3-BF4B-00C04F79EFBC}") = "P16", "P16\P16.csproj", "{0B337164-96B9-46A3-B2EE-FA64AD77970E}"
EndProject
Global
	GlobalSection(SolutionConfigurationPlatforms) = preSolution
		Debug|Any CPU = Debug|Any CPU
		Release|Any CPU = Release|Any CPU
	EndGlobalSection
	GlobalSection(ProjectConfigurationPlatforms) = postSolution
		{527402AD-ABC3-4097-9E75-A2E9404C73D4}.Debug|Any CPU.ActiveCfg = Debug|Any CPU
		{527402AD-ABC3-4097-9E75-A2E9404C73D4}.Debug|Any CPU.Build.0 = Debug|Any CPU
		{527402AD-ABC3-4097-9E75-A2E9404C73D4}.Release|Any CPU.ActiveCfg = Release|Any CPU
		{527402AD-ABC3-4097-9E75-A2E9404C73D4}.Release|Any CPU.Build.0 = Release|Any CPU
		{682858AD-8B03-401D-9B9C-3F54F535292C}.Debug|Any CPU.ActiveCfg = Debug|Any CPU
		{682858AD-8B03-401D-9B9C-3F54F535292C}.Debug|Any CPU.Build.0 = Debug|Any CPU
		{682858AD-8B03-401D-9B9C-3F54F535292C}.Release|Any CPU.ActiveCfg = Release|Any CPU
		{682858AD-8B03-401D-9B9C-3F54F535292C}.Release|Any CPU.Build.0 = Release|Any CPU
		{3054DB2A-C353-46A3-BACC-F17D727BD861}.Debug|Any CPU.ActiveCfg = Debug|Any CPU
		{3054DB2A-C353-46A3-BACC-F17D727BD861}.Debug|Any CPU.Build.0 = Debug|Any CPU
		{3054DB2A-C353-46A3-BACC-F17D727BD861}.Release|Any CPU.ActiveCfg = Release|Any CPU
		{3054DB2A-C353-46A3-BACC-F17D727BD861}.Release|Any CPU.Build.0 = Release|Any CPU
		{E1DB34AD-871D-4294-9AE0-025859481518}.Debug|Any CPU.ActiveCfg = Debug|Any CPU
		{E1DB34AD-871D-4294-9AE0-025859481518}.Debug|Any CPU.Build.0 = Debug|Any CPU
		{E1DB34AD-871D-4294-9AE0-025859481518}.Release|Any CPU.ActiveCfg = Release|Any CPU
		{E1DB34AD-871D-4294-9AE0-025859481518}.Release|Any CPU.Build.0 = Release|Any CPU
		{887BC76E-E331-49ED-8EF1-8FB0EABC3AD7}.Debug|Any CPU.ActiveCfg = Debug|Any CPU
		{887BC76E-E331-49ED-8EF1-8FB0EABC3AD7}.Debug|Any CPU.Build.0 = Debug|Any CPU
		{887BC76E-E331-49ED-8EF1-8FB0EABC3AD7}.Release|Any CPU.ActiveCfg = Release|Any CPU
		{887BC76E-E331-49ED-8EF1-8FB0EABC3AD7}.Release|Any CPU.Build.0 = Release|Any CPU
		{1DEDBD30-D42A-4961-B5CF-2BA4EAE77881}.Debug|Any CPU.ActiveCfg = Debug|Any CPU
		{1DEDBD30-D42A-4961-B5CF-2BA4EAE77881}.Debug|Any CPU.Build.0 = Debug|Any CPU
		{1DEDBD30-D42A-4961-B5CF-2BA4EAE77881}.Release|Any CPU.ActiveCfg = Release|Any CPU
		{1DEDBD30-D42A-4961-B5CF-2BA4EAE77881}.Release|Any CPU.Build.0 = Release|Any CPU
		{318B9B90-0926-42F5-B68F-7581B098D1FE}.Debug|Any CPU.ActiveCfg = Debug|Any CPU
		{318B9B90-0926-42F5-B68F-7581B098D1FE}.Debug|Any CPU.Build.0 = Debug|Any CPU
		{318B9B90-0926-42F5-B68F-7581B098D1FE}.Release|Any CPU.ActiveCfg = Release|Any CPU
		{318B9B90-0926-42F5-B68F-7581B098D1FE}.Release|Any CPU.Build.0 = Release|Any CPU
		{F3DA3BC5-1B87-4A69-9975-52848013C679}.Debug|Any CPU.ActiveCfg = Debug|Any CPU
		{F3DA3BC5-1B87-4A69-9975-52848013C679}.Debug|Any CPU.Build.0 = Debug|Any CPU
		{F3DA3BC5-1B87-4A69-9975-52848013C679}.Release|Any CPU.ActiveCfg = Release|Any CPU
		{F3DA3BC5-1B87-4A69-9975-52848013C679}.Release|Any CPU.Build.0 = Release|Any CPU
		{CAAAB361-8188-42E9-B7C2-867B84006C26}.Debug|Any CPU.ActiveCfg = Debug|Any CPU
		{CAAAB361-8188-42E9-B7C2-867B84006C26}.Debug|Any CPU.Build.0 = Debug|Any CPU
		{CAAAB361-8188-42E9-B7C2-867B84006C26}.Release|Any CPU.ActiveCfg = Release|Any CPU
		{CAAAB361-8188-42E9-B7C2-867B84006C26}.Release|Any CPU.Build.0 = Release|Any CPU
		{6FB5CF0E-5D80-4804-B4EF-203211C121E1}.Debug|Any CPU.ActiveCfg = Debug|Any CPU
		{6FB5CF0E-5D80-4804-B4EF-203211C121E1}.Debug|Any CPU.Build.0 = Debug|Any CPU
		{6FB5CF0E-5D80-4804-B4EF-203211C121E1}.Release|Any CPU.ActiveCfg = Release|Any CPU
		{6FB5CF0E-5D80-4804-B4EF-203211C121E1}.Release|Any CPU.Build.0 = Release|Any CPU
		{741E1238-13AB-4CF3-8C66-15C8AFB0C2A4}.Debug|Any CPU.ActiveCfg = Debug|Any CPU
		{741E1238-13AB-4CF3-8C66-15C8AFB0C2A4}.Debug|Any CPU.Build.0 = Debug|Any CPU
		{741E1238-13AB-4CF3-8C66-15C8AFB0C2A4}.Release|Any CPU.ActiveCfg = Release|Any CPU
		{741E1238-13AB-4CF3-8C66-15C8AFB0C2A4}.Release|Any CPU.Build.0 = Release|Any CPU
		{4AD13677-512A-4957-8595-4A28A595EE1E}.Debug|Any CPU.ActiveCfg = Debug|Any CPU
		{4AD13677-512A-4957-8595-4A28A595EE1E}.Debug|Any CPU.Build.0 = Debug|Any CPU
		{4AD13677-512A-4957-8595-4A28A595EE1E}.Release|Any CPU.ActiveCfg = Release|Any CPU
		{4AD13677-512A-4957-8595-4A28A595EE1E}.Release|Any CPU.Build.0 = Release|Any CPU
		{A824959F-8004-4914-B39A-D7D9118AFB7F}.Debug|Any CPU.ActiveCfg = Debug|Any CPU
		{A824959F-8004-4914-B39A-D7D9118AFB7F}.Debug|Any CPU.Build.0 = Debug|Any CPU
		{A824959F-8004-4914-B39A-D7D9118AFB7F}.Release|Any CPU.ActiveCfg = Release|Any CPU
		{A824959F-8004-4914-B39A-D7D9118AFB7F}.Release|Any CPU.Build.0 = Release|Any CPU
		{48DDC911-D0F2-48C2-B11A-A676A426285F}.Debug|Any CPU.ActiveCfg = Debug|Any CPU
		{48DDC911-D0F2-48C2-B11A-A676A426285F}.Debug|Any CPU.Build.0 = Debug|Any CPU
		{48DDC911-D0F2-48C2-B11A-A676A426285F}.Release|Any CPU.ActiveCfg = Release|Any CPU
		{48DDC911-D0F2-48C2-B11A-A676A426285F}.Release|Any CPU.Build.0 = Release|Any CPU
		{575C4607-0812-4F84-BB6B-BB51955CFE21}.Debug|Any CPU.ActiveCfg = Debug|Any CPU
		{575C4607-0812-4F84-BB6B-BB51955CFE21}.Debug|Any CPU.Build.0 = Debug|Any CPU
		{575C4607-0812-4F84-BB6B-BB51955CFE21}.Release|Any CPU.ActiveCfg = Release|Any CPU
		{575C4607-0812-4F84-BB6B-BB51955CFE21}.Release|Any CPU.Build.0 = Release|Any CPU
		{0B337164-96B9-46A3-B2EE-FA64AD77970E}.Debug|Any CPU.ActiveCfg = Debug|Any CPU
		{0B337164-96B9-46A3-B2EE-FA64AD77970E}.Debug|Any CPU.Build.0 = Debug|Any CPU
		{0B337164-96B9-46A3-B2EE-FA64AD77970E}.Release|Any CPU.ActiveCfg = Release|Any CPU
		{0B337164-96B9-46A3-B2EE-FA64AD77970E}.Release|Any CPU.Build.0 = Release|Any CPU
	EndGlobalSection
	GlobalSection(SolutionProperties) = preSolution
		HideSolutionNode = FALSE
	EndGlobalSection
	GlobalSection(ExtensibilityGlobals) = postSolution
		SolutionGuid = {BAC2EDA4-41AC-4668-8F8D-519167E794E2}
	EndGlobalSection
EndGlobal
